
Microsoft Visual Studio Solution File, Format Version 12.00
# Visual Studio Version 17
VisualStudioVersion = 17.8.34322.80
MinimumVisualStudioVersion = 10.0.40219.1
Project("{FAE04EC0-301F-11D3-BF4B-00C04F79EFBC}") = "Salon.Android", "Salon\Salon.Android\Salon.Android.csproj", "{50738167-9FBD-428C-A8EE-FAD98B6D5934}"
EndProject
Project("{FAE04EC0-301F-11D3-BF4B-00C04F79EFBC}") = "Salon.iOS", "Salon\Salon.iOS\Salon.iOS.csproj", "{721EA6B9-F461-4A1A-B96B-C8B23BA92A74}"
EndProject
Project("{FAE04EC0-301F-11D3-BF4B-00C04F79EFBC}") = "Salon", "Salon\Salon\Salon.csproj", "{FFCDFD8B-BA86-40AA-B5DF-CE5A51EFF1D2}"
EndProject
Global
	GlobalSection(SolutionConfigurationPlatforms) = preSolution
		Debug|Any CPU = Debug|Any CPU
		Debug|iPhone = Debug|iPhone
		Debug|iPhoneSimulator = Debug|iPhoneSimulator
		Release|Any CPU = Release|Any CPU
		Release|iPhone = Release|iPhone
		Release|iPhoneSimulator = Release|iPhoneSimulator
	EndGlobalSection
	GlobalSection(ProjectConfigurationPlatforms) = postSolution
		{50738167-9FBD-428C-A8EE-FAD98B6D5934}.Debug|Any CPU.ActiveCfg = Debug|Any CPU
		{50738167-9FBD-428C-A8EE-FAD98B6D5934}.Debug|Any CPU.Build.0 = Debug|Any CPU
		{50738167-9FBD-428C-A8EE-FAD98B6D5934}.Debug|Any CPU.Deploy.0 = Debug|Any CPU
		{50738167-9FBD-428C-A8EE-FAD98B6D5934}.Debug|iPhone.ActiveCfg = Debug|Any CPU
		{50738167-9FBD-428C-A8EE-FAD98B6D5934}.Debug|iPhone.Build.0 = Debug|Any CPU
		{50738167-9FBD-428C-A8EE-FAD98B6D5934}.Debug|iPhone.Deploy.0 = Debug|Any CPU
		{50738167-9FBD-428C-A8EE-FAD98B6D5934}.Debug|iPhoneSimulator.ActiveCfg = Debug|Any CPU
		{50738167-9FBD-428C-A8EE-FAD98B6D5934}.Debug|iPhoneSimulator.Build.0 = Debug|Any CPU
		{50738167-9FBD-428C-A8EE-FAD98B6D5934}.Debug|iPhoneSimulator.Deploy.0 = Debug|Any CPU
		{50738167-9FBD-428C-A8EE-FAD98B6D5934}.Release|Any CPU.ActiveCfg = Release|Any CPU
		{50738167-9FBD-428C-A8EE-FAD98B6D5934}.Release|Any CPU.Build.0 = Release|Any CPU
		{50738167-9FBD-428C-A8EE-FAD98B6D5934}.Release|Any CPU.Deploy.0 = Release|Any CPU
		{50738167-9FBD-428C-A8EE-FAD98B6D5934}.Release|iPhone.ActiveCfg = Release|Any CPU
		{50738167-9FBD-428C-A8EE-FAD98B6D5934}.Release|iPhone.Build.0 = Release|Any CPU
		{50738167-9FBD-428C-A8EE-FAD98B6D5934}.Release|iPhone.Deploy.0 = Release|Any CPU
		{50738167-9FBD-428C-A8EE-FAD98B6D5934}.Release|iPhoneSimulator.ActiveCfg = Release|Any CPU
		{50738167-9FBD-428C-A8EE-FAD98B6D5934}.Release|iPhoneSimulator.Build.0 = Release|Any CPU
		{50738167-9FBD-428C-A8EE-FAD98B6D5934}.Release|iPhoneSimulator.Deploy.0 = Release|Any CPU
		{721EA6B9-F461-4A1A-B96B-C8B23BA92A74}.Debug|Any CPU.ActiveCfg = Debug|iPhone
		{721EA6B9-F461-4A1A-B96B-C8B23BA92A74}.Debug|Any CPU.Build.0 = Debug|iPhone
		{721EA6B9-F461-4A1A-B96B-C8B23BA92A74}.Debug|Any CPU.Deploy.0 = Debug|iPhone
		{721EA6B9-F461-4A1A-B96B-C8B23BA92A74}.Debug|iPhone.ActiveCfg = Debug|iPhone
		{721EA6B9-F461-4A1A-B96B-C8B23BA92A74}.Debug|iPhone.Build.0 = Debug|iPhone
		{721EA6B9-F461-4A1A-B96B-C8B23BA92A74}.Debug|iPhone.Deploy.0 = Debug|iPhone
		{721EA6B9-F461-4A1A-B96B-C8B23BA92A74}.Debug|iPhoneSimulator.ActiveCfg = Debug|iPhoneSimulator
		{721EA6B9-F461-4A1A-B96B-C8B23BA92A74}.Debug|iPhoneSimulator.Build.0 = Debug|iPhoneSimulator
		{721EA6B9-F461-4A1A-B96B-C8B23BA92A74}.Debug|iPhoneSimulator.Deploy.0 = Debug|iPhoneSimulator
		{721EA6B9-F461-4A1A-B96B-C8B23BA92A74}.Release|Any CPU.ActiveCfg = Release|iPhoneSimulator
		{721EA6B9-F461-4A1A-B96B-C8B23BA92A74}.Release|Any CPU.Build.0 = Release|iPhoneSimulator
		{721EA6B9-F461-4A1A-B96B-C8B23BA92A74}.Release|Any CPU.Deploy.0 = Release|iPhoneSimulator
		{721EA6B9-F461-4A1A-B96B-C8B23BA92A74}.Release|iPhone.ActiveCfg = Release|iPhone
		{721EA6B9-F461-4A1A-B96B-C8B23BA92A74}.Release|iPhone.Build.0 = Release|iPhone
		{721EA6B9-F461-4A1A-B96B-C8B23BA92A74}.Release|iPhone.Deploy.0 = Release|iPhone
		{721EA6B9-F461-4A1A-B96B-C8B23BA92A74}.Release|iPhoneSimulator.ActiveCfg = Release|iPhoneSimulator
		{721EA6B9-F461-4A1A-B96B-C8B23BA92A74}.Release|iPhoneSimulator.Build.0 = Release|iPhoneSimulator
		{721EA6B9-F461-4A1A-B96B-C8B23BA92A74}.Release|iPhoneSimulator.Deploy.0 = Release|iPhoneSimulator
		{FFCDFD8B-BA86-40AA-B5DF-CE5A51EFF1D2}.Debug|Any CPU.ActiveCfg = Debug|Any CPU
		{FFCDFD8B-BA86-40AA-B5DF-CE5A51EFF1D2}.Debug|Any CPU.Build.0 = Debug|Any CPU
		{FFCDFD8B-BA86-40AA-B5DF-CE5A51EFF1D2}.Debug|Any CPU.Deploy.0 = Debug|Any CPU
		{FFCDFD8B-BA86-40AA-B5DF-CE5A51EFF1D2}.Debug|iPhone.ActiveCfg = Debug|Any CPU
		{FFCDFD8B-BA86-40AA-B5DF-CE5A51EFF1D2}.Debug|iPhone.Build.0 = Debug|Any CPU
		{FFCDFD8B-BA86-40AA-B5DF-CE5A51EFF1D2}.Debug|iPhone.Deploy.0 = Debug|Any CPU
		{FFCDFD8B-BA86-40AA-B5DF-CE5A51EFF1D2}.Debug|iPhoneSimulator.ActiveCfg = Debug|Any CPU
		{FFCDFD8B-BA86-40AA-B5DF-CE5A51EFF1D2}.Debug|iPhoneSimulator.Build.0 = Debug|Any CPU
		{FFCDFD8B-BA86-40AA-B5DF-CE5A51EFF1D2}.Debug|iPhoneSimulator.Deploy.0 = Debug|Any CPU
		{FFCDFD8B-BA86-40AA-B5DF-CE5A51EFF1D2}.Release|Any CPU.ActiveCfg = Release|Any CPU
		{FFCDFD8B-BA86-40AA-B5DF-CE5A51EFF1D2}.Release|Any CPU.Build.0 = Release|Any CPU
		{FFCDFD8B-BA86-40AA-B5DF-CE5A51EFF1D2}.Release|Any CPU.Deploy.0 = Release|Any CPU
		{FFCDFD8B-BA86-40AA-B5DF-CE5A51EFF1D2}.Release|iPhone.ActiveCfg = Release|Any CPU
		{FFCDFD8B-BA86-40AA-B5DF-CE5A51EFF1D2}.Release|iPhone.Build.0 = Release|Any CPU
		{FFCDFD8B-BA86-40AA-B5DF-CE5A51EFF1D2}.Release|iPhone.Deploy.0 = Release|Any CPU
		{FFCDFD8B-BA86-40AA-B5DF-CE5A51EFF1D2}.Release|iPhoneSimulator.ActiveCfg = Release|Any CPU
		{FFCDFD8B-BA86-40AA-B5DF-CE5A51EFF1D2}.Release|iPhoneSimulator.Build.0 = Release|Any CPU
		{FFCDFD8B-BA86-40AA-B5DF-CE5A51EFF1D2}.Release|iPhoneSimulator.Deploy.0 = Release|Any CPU
	EndGlobalSection
	GlobalSection(SolutionProperties) = preSolution
		HideSolutionNode = FALSE
	EndGlobalSection
	GlobalSection(ExtensibilityGlobals) = postSolution
		SolutionGuid = {BFB57C2C-AE79-4D51-8D03-1C2844A4E908}
	EndGlobalSection
EndGlobal
